
Microsoft Visual Studio Solution File, Format Version 12.00
# Visual Studio Version 17
VisualStudioVersion = 17.9.34723.18
MinimumVisualStudioVersion = 10.0.40219.1
Project("{9A19103F-16F7-4668-BE54-9A1E7A4F7556}") = "Mail.MVC", "WebApplication2\Mail.MVC.csproj", "{72B94F65-39C2-47E4-8F42-2EF02446ACDB}"
	ProjectSection(ProjectDependencies) = postProject
		{92195C26-CD07-4748-9412-6DE93BF78C53} = {92195C26-CD07-4748-9412-6DE93BF78C53}
	EndProjectSection
EndProject
Project("{9A19103F-16F7-4668-BE54-9A1E7A4F7556}") = "Mail.Domain", "Mail.Domain\Mail.Domain.csproj", "{92195C26-CD07-4748-9412-6DE93BF78C53}"
EndProject
Global
	GlobalSection(SolutionConfigurationPlatforms) = preSolution
		Debug|Any CPU = Debug|Any CPU
		Release|Any CPU = Release|Any CPU
	EndGlobalSection
	GlobalSection(ProjectConfigurationPlatforms) = postSolution
		{72B94F65-39C2-47E4-8F42-2EF02446ACDB}.Debug|Any CPU.ActiveCfg = Debug|Any CPU
		{72B94F65-39C2-47E4-8F42-2EF02446ACDB}.Debug|Any CPU.Build.0 = Debug|Any CPU
		{72B94F65-39C2-47E4-8F42-2EF02446ACDB}.Release|Any CPU.ActiveCfg = Release|Any CPU
		{72B94F65-39C2-47E4-8F42-2EF02446ACDB}.Release|Any CPU.Build.0 = Release|Any CPU
		{92195C26-CD07-4748-9412-6DE93BF78C53}.Debug|Any CPU.ActiveCfg = Debug|Any CPU
		{92195C26-CD07-4748-9412-6DE93BF78C53}.Debug|Any CPU.Build.0 = Debug|Any CPU
		{92195C26-CD07-4748-9412-6DE93BF78C53}.Release|Any CPU.ActiveCfg = Release|Any CPU
		{92195C26-CD07-4748-9412-6DE93BF78C53}.Release|Any CPU.Build.0 = Release|Any CPU
	EndGlobalSection
	GlobalSection(SolutionProperties) = preSolution
		HideSolutionNode = FALSE
	EndGlobalSection
	GlobalSection(ExtensibilityGlobals) = postSolution
		SolutionGuid = {75764725-48F2-43C0-A260-CDC112BD8B19}
	EndGlobalSection
EndGlobal
